
Microsoft Visual Studio Solution File, Format Version 12.00
# Visual Studio Version 17
VisualStudioVersion = 17.1.32407.343
MinimumVisualStudioVersion = 10.0.40219.1
Project("{FAE04EC0-301F-11D3-BF4B-00C04F79EFBC}") = "RepeaterWatchdog", "RepeaterWatchdog.csproj", "{A0B8806E-E0D0-4F1A-B066-FA485CC75800}"
EndProject
Global
	GlobalSection(SolutionConfigurationPlatforms) = preSolution
		Debug|Any CPU = Debug|Any CPU
		Release|Any CPU = Release|Any CPU
	EndGlobalSection
	GlobalSection(ProjectConfigurationPlatforms) = postSolution
		{A0B8806E-E0D0-4F1A-B066-FA485CC75800}.Debug|Any CPU.ActiveCfg = Debug|Any CPU
		{A0B8806E-E0D0-4F1A-B066-FA485CC75800}.Debug|Any CPU.Build.0 = Debug|Any CPU
		{A0B8806E-E0D0-4F1A-B066-FA485CC75800}.Release|Any CPU.ActiveCfg = Release|Any CPU
		{A0B8806E-E0D0-4F1A-B066-FA485CC75800}.Release|Any CPU.Build.0 = Release|Any CPU
	EndGlobalSection
	GlobalSection(SolutionProperties) = preSolution
		HideSolutionNode = FALSE
	EndGlobalSection
	GlobalSection(ExtensibilityGlobals) = postSolution
		SolutionGuid = {823A3F58-F54E-4382-AFF1-5538AD4908DA}
	EndGlobalSection
EndGlobal
